
Microsoft Visual Studio Solution File, Format Version 12.00
# Visual Studio Version 16
VisualStudioVersion = 16.0.31321.278
MinimumVisualStudioVersion = 10.0.40219.1
Project("{9A19103F-16F7-4668-BE54-9A1E7A4F7556}") = "UserMetricsReportBuilderApi", "UserMetricsReportBuilderApi\UserMetricsReportBuilderApi.csproj", "{CCCCCDC8-FE81-451E-8269-1D4DA5DF5666}"
EndProject
Project("{9A19103F-16F7-4668-BE54-9A1E7A4F7556}") = "Application", "Application\Application.csproj", "{E688A188-A611-42A1-A46B-AF14827DEF43}"
EndProject
Project("{9A19103F-16F7-4668-BE54-9A1E7A4F7556}") = "Domain", "Domain\Domain.csproj", "{5C496007-59E7-45FB-AC92-4FFEA713B32B}"
EndProject
Project("{9A19103F-16F7-4668-BE54-9A1E7A4F7556}") = "Infrastructure", "Infrastructure\Infrastructure.csproj", "{A6FFC627-48AC-4852-8579-F0B0C563DC39}"
EndProject
Global
	GlobalSection(SolutionConfigurationPlatforms) = preSolution
		Debug|Any CPU = Debug|Any CPU
		Release|Any CPU = Release|Any CPU
	EndGlobalSection
	GlobalSection(ProjectConfigurationPlatforms) = postSolution
		{CCCCCDC8-FE81-451E-8269-1D4DA5DF5666}.Debug|Any CPU.ActiveCfg = Debug|Any CPU
		{CCCCCDC8-FE81-451E-8269-1D4DA5DF5666}.Debug|Any CPU.Build.0 = Debug|Any CPU
		{CCCCCDC8-FE81-451E-8269-1D4DA5DF5666}.Release|Any CPU.ActiveCfg = Release|Any CPU
		{CCCCCDC8-FE81-451E-8269-1D4DA5DF5666}.Release|Any CPU.Build.0 = Release|Any CPU
		{E688A188-A611-42A1-A46B-AF14827DEF43}.Debug|Any CPU.ActiveCfg = Debug|Any CPU
		{E688A188-A611-42A1-A46B-AF14827DEF43}.Debug|Any CPU.Build.0 = Debug|Any CPU
		{E688A188-A611-42A1-A46B-AF14827DEF43}.Release|Any CPU.ActiveCfg = Release|Any CPU
		{E688A188-A611-42A1-A46B-AF14827DEF43}.Release|Any CPU.Build.0 = Release|Any CPU
		{5C496007-59E7-45FB-AC92-4FFEA713B32B}.Debug|Any CPU.ActiveCfg = Debug|Any CPU
		{5C496007-59E7-45FB-AC92-4FFEA713B32B}.Debug|Any CPU.Build.0 = Debug|Any CPU
		{5C496007-59E7-45FB-AC92-4FFEA713B32B}.Release|Any CPU.ActiveCfg = Release|Any CPU
		{5C496007-59E7-45FB-AC92-4FFEA713B32B}.Release|Any CPU.Build.0 = Release|Any CPU
		{A6FFC627-48AC-4852-8579-F0B0C563DC39}.Debug|Any CPU.ActiveCfg = Debug|Any CPU
		{A6FFC627-48AC-4852-8579-F0B0C563DC39}.Debug|Any CPU.Build.0 = Debug|Any CPU
		{A6FFC627-48AC-4852-8579-F0B0C563DC39}.Release|Any CPU.ActiveCfg = Release|Any CPU
		{A6FFC627-48AC-4852-8579-F0B0C563DC39}.Release|Any CPU.Build.0 = Release|Any CPU
	EndGlobalSection
	GlobalSection(SolutionProperties) = preSolution
		HideSolutionNode = FALSE
	EndGlobalSection
	GlobalSection(ExtensibilityGlobals) = postSolution
		SolutionGuid = {39816046-0BFE-4183-9A3E-9E25F335A7D1}
	EndGlobalSection
EndGlobal
